// !$*UTF8*$!
{
	archiveVersion = 1;
	classes = {
	};
	objectVersion = 55;
	objects = {

/* Begin PBXBuildFile section */
		9B0F7131292130A8004DA976 /* AppDelegate.swift in Sources */ = {isa = PBXBuildFile; fileRef = 9B0F7130292130A8004DA976 /* AppDelegate.swift */; };
		9B0F7133292130A8004DA976 /* SceneDelegate.swift in Sources */ = {isa = PBXBuildFile; fileRef = 9B0F7132292130A8004DA976 /* SceneDelegate.swift */; };
		9B0F7135292130A8004DA976 /* ImageListViewController.swift in Sources */ = {isa = PBXBuildFile; fileRef = 9B0F7134292130A8004DA976 /* ImageListViewController.swift */; };
		9B0F713A292130AA004DA976 /* Assets.xcassets in Resources */ = {isa = PBXBuildFile; fileRef = 9B0F7139292130AA004DA976 /* Assets.xcassets */; };
		9B0F713D292130AA004DA976 /* LaunchScreen.storyboard in Resources */ = {isa = PBXBuildFile; fileRef = 9B0F713B292130AA004DA976 /* LaunchScreen.storyboard */; };
		9B3472292930C7EA00688CF8 /* ImageListPresenter.swift in Sources */ = {isa = PBXBuildFile; fileRef = 9B3472282930C7EA00688CF8 /* ImageListPresenter.swift */; };
		9B34722B2930DA7300688CF8 /* ImageItem.swift in Sources */ = {isa = PBXBuildFile; fileRef = 9B34722A2930DA7300688CF8 /* ImageItem.swift */; };
		9B34722E29325B4A00688CF8 /* ImageDetailsViewController.swift in Sources */ = {isa = PBXBuildFile; fileRef = 9B34722D29325B4A00688CF8 /* ImageDetailsViewController.swift */; };
		9BD8343F29338CE000F9C7C6 /* ImageListAssembly.swift in Sources */ = {isa = PBXBuildFile; fileRef = 9BD8343E29338CE000F9C7C6 /* ImageListAssembly.swift */; };
		9BD8344129338DFA00F9C7C6 /* ImageListRouter.swift in Sources */ = {isa = PBXBuildFile; fileRef = 9BD8344029338DFA00F9C7C6 /* ImageListRouter.swift */; };
		9BD834442933966800F9C7C6 /* UIViewController+TransitionHandler.swift in Sources */ = {isa = PBXBuildFile; fileRef = 9BD834432933966800F9C7C6 /* UIViewController+TransitionHandler.swift */; };
		9BEA35B2292D413A00CB4853 /* PhotoCollectionViewCell.swift in Sources */ = {isa = PBXBuildFile; fileRef = 9BEA35B1292D413A00CB4853 /* PhotoCollectionViewCell.swift */; };
/* End PBXBuildFile section */

/* Begin PBXFileReference section */
		9B0F712D292130A8004DA976 /* Ex_3_21_grasp.app */ = {isa = PBXFileReference; explicitFileType = wrapper.application; includeInIndex = 0; path = Ex_3_21_grasp.app; sourceTree = BUILT_PRODUCTS_DIR; };
		9B0F7130292130A8004DA976 /* AppDelegate.swift */ = {isa = PBXFileReference; lastKnownFileType = sourcecode.swift; path = AppDelegate.swift; sourceTree = "<group>"; };
		9B0F7132292130A8004DA976 /* SceneDelegate.swift */ = {isa = PBXFileReference; lastKnownFileType = sourcecode.swift; path = SceneDelegate.swift; sourceTree = "<group>"; };
		9B0F7134292130A8004DA976 /* ImageListViewController.swift */ = {isa = PBXFileReference; lastKnownFileType = sourcecode.swift; path = ImageListViewController.swift; sourceTree = "<group>"; };
		9B0F7139292130AA004DA976 /* Assets.xcassets */ = {isa = PBXFileReference; lastKnownFileType = folder.assetcatalog; path = Assets.xcassets; sourceTree = "<group>"; };
		9B0F713C292130AA004DA976 /* Base */ = {isa = PBXFileReference; lastKnownFileType = file.storyboard; name = Base; path = Base.lproj/LaunchScreen.storyboard; sourceTree = "<group>"; };
		9B0F713E292130AA004DA976 /* Info.plist */ = {isa = PBXFileReference; lastKnownFileType = text.plist.xml; path = Info.plist; sourceTree = "<group>"; };
		9B3472282930C7EA00688CF8 /* ImageListPresenter.swift */ = {isa = PBXFileReference; lastKnownFileType = sourcecode.swift; path = ImageListPresenter.swift; sourceTree = "<group>"; };
		9B34722A2930DA7300688CF8 /* ImageItem.swift */ = {isa = PBXFileReference; lastKnownFileType = sourcecode.swift; path = ImageItem.swift; sourceTree = "<group>"; };
		9B34722D29325B4A00688CF8 /* ImageDetailsViewController.swift */ = {isa = PBXFileReference; lastKnownFileType = sourcecode.swift; path = ImageDetailsViewController.swift; sourceTree = "<group>"; };
		9BD8343E29338CE000F9C7C6 /* ImageListAssembly.swift */ = {isa = PBXFileReference; lastKnownFileType = sourcecode.swift; path = ImageListAssembly.swift; sourceTree = "<group>"; };
		9BD8344029338DFA00F9C7C6 /* ImageListRouter.swift */ = {isa = PBXFileReference; lastKnownFileType = sourcecode.swift; path = ImageListRouter.swift; sourceTree = "<group>"; };
		9BD834432933966800F9C7C6 /* UIViewController+TransitionHandler.swift */ = {isa = PBXFileReference; lastKnownFileType = sourcecode.swift; path = "UIViewController+TransitionHandler.swift"; sourceTree = "<group>"; };
		9BEA35B1292D413A00CB4853 /* PhotoCollectionViewCell.swift */ = {isa = PBXFileReference; lastKnownFileType = sourcecode.swift; path = PhotoCollectionViewCell.swift; sourceTree = "<group>"; };
/* End PBXFileReference section */

/* Begin PBXFrameworksBuildPhase section */
		9B0F712A292130A8004DA976 /* Frameworks */ = {
			isa = PBXFrameworksBuildPhase;
			buildActionMask = 2147483647;
			files = (
			);
			runOnlyForDeploymentPostprocessing = 0;
		};
/* End PBXFrameworksBuildPhase section */

/* Begin PBXGroup section */
		9B0F7124292130A8004DA976 = {
			isa = PBXGroup;
			children = (
				9B0F712F292130A8004DA976 /* Ex_3_21_grasp */,
				9B0F712E292130A8004DA976 /* Products */,
			);
			sourceTree = "<group>";
		};
		9B0F712E292130A8004DA976 /* Products */ = {
			isa = PBXGroup;
			children = (
				9B0F712D292130A8004DA976 /* Ex_3_21_grasp.app */,
			);
			name = Products;
			sourceTree = "<group>";
		};
		9B0F712F292130A8004DA976 /* Ex_3_21_grasp */ = {
			isa = PBXGroup;
			children = (
				9BD834422933964F00F9C7C6 /* Common */,
				9B34722C29325B2F00688CF8 /* ImageDetails */,
				9B3472272930C7B400688CF8 /* ImageList */,
				9B0F7130292130A8004DA976 /* AppDelegate.swift */,
				9B0F7132292130A8004DA976 /* SceneDelegate.swift */,
				9B0F7139292130AA004DA976 /* Assets.xcassets */,
				9B0F713B292130AA004DA976 /* LaunchScreen.storyboard */,
				9B0F713E292130AA004DA976 /* Info.plist */,
			);
			path = Ex_3_21_grasp;
			sourceTree = "<group>";
		};
		9B3472272930C7B400688CF8 /* ImageList */ = {
			isa = PBXGroup;
			children = (
				9B0F7134292130A8004DA976 /* ImageListViewController.swift */,
				9BEA35B1292D413A00CB4853 /* PhotoCollectionViewCell.swift */,
				9B3472282930C7EA00688CF8 /* ImageListPresenter.swift */,
				9B34722A2930DA7300688CF8 /* ImageItem.swift */,
				9BD8343E29338CE000F9C7C6 /* ImageListAssembly.swift */,
				9BD8344029338DFA00F9C7C6 /* ImageListRouter.swift */,
			);
			path = ImageList;
			sourceTree = "<group>";
		};
		9B34722C29325B2F00688CF8 /* ImageDetails */ = {
			isa = PBXGroup;
			children = (
				9B34722D29325B4A00688CF8 /* ImageDetailsViewController.swift */,
			);
			path = ImageDetails;
			sourceTree = "<group>";
		};
		9BD834422933964F00F9C7C6 /* Common */ = {
			isa = PBXGroup;
			children = (
				9BD834432933966800F9C7C6 /* UIViewController+TransitionHandler.swift */,
			);
			path = Common;
			sourceTree = "<group>";
		};
/* End PBXGroup section */

/* Begin PBXNativeTarget section */
		9B0F712C292130A8004DA976 /* Ex_3_21_grasp */ = {
			isa = PBXNativeTarget;
			buildConfigurationList = 9B0F7141292130AA004DA976 /* Build configuration list for PBXNativeTarget "Ex_3_21_grasp" */;
			buildPhases = (
				9B0F7129292130A8004DA976 /* Sources */,
				9B0F712A292130A8004DA976 /* Frameworks */,
				9B0F712B292130A8004DA976 /* Resources */,
			);
			buildRules = (
			);
			dependencies = (
			);
			name = Ex_3_21_grasp;
			productName = Ex_3_19_CollectionView;
			productReference = 9B0F712D292130A8004DA976 /* Ex_3_21_grasp.app */;
			productType = "com.apple.product-type.application";
		};
/* End PBXNativeTarget section */

/* Begin PBXProject section */
		9B0F7125292130A8004DA976 /* Project object */ = {
			isa = PBXProject;
			attributes = {
				BuildIndependentTargetsInParallel = 1;
				LastSwiftUpdateCheck = 1320;
				LastUpgradeCheck = 1320;
				TargetAttributes = {
					9B0F712C292130A8004DA976 = {
						CreatedOnToolsVersion = 13.2.1;
					};
				};
			};
			buildConfigurationList = 9B0F7128292130A8004DA976 /* Build configuration list for PBXProject "Ex_3_21_grasp" */;
			compatibilityVersion = "Xcode 13.0";
			developmentRegion = en;
			hasScannedForEncodings = 0;
			knownRegions = (
				en,
				Base,
			);
			mainGroup = 9B0F7124292130A8004DA976;
			productRefGroup = 9B0F712E292130A8004DA976 /* Products */;
			projectDirPath = "";
			projectRoot = "";
			targets = (
				9B0F712C292130A8004DA976 /* Ex_3_21_grasp */,
			);
		};
/* End PBXProject section */

/* Begin PBXResourcesBuildPhase section */
		9B0F712B292130A8004DA976 /* Resources */ = {
			isa = PBXResourcesBuildPhase;
			buildActionMask = 2147483647;
			files = (
				9B0F713D292130AA004DA976 /* LaunchScreen.storyboard in Resources */,
				9B0F713A292130AA004DA976 /* Assets.xcassets in Resources */,
			);
			runOnlyForDeploymentPostprocessing = 0;
		};
/* End PBXResourcesBuildPhase section */

/* Begin PBXSourcesBuildPhase section */
		9B0F7129292130A8004DA976 /* Sources */ = {
			isa = PBXSourcesBuildPhase;
			buildActionMask = 2147483647;
			files = (
				9BD834442933966800F9C7C6 /* UIViewController+TransitionHandler.swift in Sources */,
				9B34722B2930DA7300688CF8 /* ImageItem.swift in Sources */,
				9BD8343F29338CE000F9C7C6 /* ImageListAssembly.swift in Sources */,
				9B0F7135292130A8004DA976 /* ImageListViewController.swift in Sources */,
				9B34722E29325B4A00688CF8 /* ImageDetailsViewController.swift in Sources */,
				9B3472292930C7EA00688CF8 /* ImageListPresenter.swift in Sources */,
				9BEA35B2292D413A00CB4853 /* PhotoCollectionViewCell.swift in Sources */,
				9B0F7131292130A8004DA976 /* AppDelegate.swift in Sources */,
				9BD8344129338DFA00F9C7C6 /* ImageListRouter.swift in Sources */,
				9B0F7133292130A8004DA976 /* SceneDelegate.swift in Sources */,
			);
			runOnlyForDeploymentPostprocessing = 0;
		};
/* End PBXSourcesBuildPhase section */

/* Begin PBXVariantGroup section */
		9B0F713B292130AA004DA976 /* LaunchScreen.storyboard */ = {
			isa = PBXVariantGroup;
			children = (
				9B0F713C292130AA004DA976 /* Base */,
			);
			name = LaunchScreen.storyboard;
			sourceTree = "<group>";
		};
/* End PBXVariantGroup section */

/* Begin XCBuildConfiguration section */
		9B0F713F292130AA004DA976 /* Debug */ = {
			isa = XCBuildConfiguration;
			buildSettings = {
				ALWAYS_SEARCH_USER_PATHS = NO;
				CLANG_ANALYZER_NONNULL = YES;
				CLANG_ANALYZER_NUMBER_OBJECT_CONVERSION = YES_AGGRESSIVE;
				CLANG_CXX_LANGUAGE_STANDARD = "gnu++17";
				CLANG_CXX_LIBRARY = "libc++";
				CLANG_ENABLE_MODULES = YES;
				CLANG_ENABLE_OBJC_ARC = YES;
				CLANG_ENABLE_OBJC_WEAK = YES;
				CLANG_WARN_BLOCK_CAPTURE_AUTORELEASING = YES;
				CLANG_WARN_BOOL_CONVERSION = YES;
				CLANG_WARN_COMMA = YES;
				CLANG_WARN_CONSTANT_CONVERSION = YES;
				CLANG_WARN_DEPRECATED_OBJC_IMPLEMENTATIONS = YES;
				CLANG_WARN_DIRECT_OBJC_ISA_USAGE = YES_ERROR;
				CLANG_WARN_DOCUMENTATION_COMMENTS = YES;
				CLANG_WARN_EMPTY_BODY = YES;
				CLANG_WARN_ENUM_CONVERSION = YES;
				CLANG_WARN_INFINITE_RECURSION = YES;
				CLANG_WARN_INT_CONVERSION = YES;
				CLANG_WARN_NON_LITERAL_NULL_CONVERSION = YES;
				CLANG_WARN_OBJC_IMPLICIT_RETAIN_SELF = YES;
				CLANG_WARN_OBJC_LITERAL_CONVERSION = YES;
				CLANG_WARN_OBJC_ROOT_CLASS = YES_ERROR;
				CLANG_WARN_QUOTED_INCLUDE_IN_FRAMEWORK_HEADER = YES;
				CLANG_WARN_RANGE_LOOP_ANALYSIS = YES;
				CLANG_WARN_STRICT_PROTOTYPES = YES;
				CLANG_WARN_SUSPICIOUS_MOVE = YES;
				CLANG_WARN_UNGUARDED_AVAILABILITY = YES_AGGRESSIVE;
				CLANG_WARN_UNREACHABLE_CODE = YES;
				CLANG_WARN__DUPLICATE_METHOD_MATCH = YES;
				COPY_PHASE_STRIP = NO;
				DEBUG_INFORMATION_FORMAT = dwarf;
				ENABLE_STRICT_OBJC_MSGSEND = YES;
				ENABLE_TESTABILITY = YES;
				GCC_C_LANGUAGE_STANDARD = gnu11;
				GCC_DYNAMIC_NO_PIC = NO;
				GCC_NO_COMMON_BLOCKS = YES;
				GCC_OPTIMIZATION_LEVEL = 0;
				GCC_PREPROCESSOR_DEFINITIONS = (
					"DEBUG=1",
					"$(inherited)",
				);
				GCC_WARN_64_TO_32_BIT_CONVERSION = YES;
				GCC_WARN_ABOUT_RETURN_TYPE = YES_ERROR;
				GCC_WARN_UNDECLARED_SELECTOR = YES;
				GCC_WARN_UNINITIALIZED_AUTOS = YES_AGGRESSIVE;
				GCC_WARN_UNUSED_FUNCTION = YES;
				GCC_WARN_UNUSED_VARIABLE = YES;
				IPHONEOS_DEPLOYMENT_TARGET = 15.2;
				MTL_ENABLE_DEBUG_INFO = INCLUDE_SOURCE;
				MTL_FAST_MATH = YES;
				ONLY_ACTIVE_ARCH = YES;
				SDKROOT = iphoneos;
				SWIFT_ACTIVE_COMPILATION_CONDITIONS = DEBUG;
				SWIFT_OPTIMIZATION_LEVEL = "-Onone";
			};
			name = Debug;
		};
		9B0F7140292130AA004DA976 /* Release */ = {
			isa = XCBuildConfiguration;
			buildSettings = {
				ALWAYS_SEARCH_USER_PATHS = NO;
				CLANG_ANALYZER_NONNULL = YES;
				CLANG_ANALYZER_NUMBER_OBJECT_CONVERSION = YES_AGGRESSIVE;
				CLANG_CXX_LANGUAGE_STANDARD = "gnu++17";
				CLANG_CXX_LIBRARY = "libc++";
				CLANG_ENABLE_MODULES = YES;
				CLANG_ENABLE_OBJC_ARC = YES;
				CLANG_ENABLE_OBJC_WEAK = YES;
				CLANG_WARN_BLOCK_CAPTURE_AUTORELEASING = YES;
				CLANG_WARN_BOOL_CONVERSION = YES;
				CLANG_WARN_COMMA = YES;
				CLANG_WARN_CONSTANT_CONVERSION = YES;
				CLANG_WARN_DEPRECATED_OBJC_IMPLEMENTATIONS = YES;
				CLANG_WARN_DIRECT_OBJC_ISA_USAGE = YES_ERROR;
				CLANG_WARN_DOCUMENTATION_COMMENTS = YES;
				CLANG_WARN_EMPTY_BODY = YES;
				CLANG_WARN_ENUM_CONVERSION = YES;
				CLANG_WARN_INFINITE_RECURSION = YES;
				CLANG_WARN_INT_CONVERSION = YES;
				CLANG_WARN_NON_LITERAL_NULL_CONVERSION = YES;
				CLANG_WARN_OBJC_IMPLICIT_RETAIN_SELF = YES;
				CLANG_WARN_OBJC_LITERAL_CONVERSION = YES;
				CLANG_WARN_OBJC_ROOT_CLASS = YES_ERROR;
				CLANG_WARN_QUOTED_INCLUDE_IN_FRAMEWORK_HEADER = YES;
				CLANG_WARN_RANGE_LOOP_ANALYSIS = YES;
				CLANG_WARN_STRICT_PROTOTYPES = YES;
				CLANG_WARN_SUSPICIOUS_MOVE = YES;
				CLANG_WARN_UNGUARDED_AVAILABILITY = YES_AGGRESSIVE;
				CLANG_WARN_UNREACHABLE_CODE = YES;
				CLANG_WARN__DUPLICATE_METHOD_MATCH = YES;
				COPY_PHASE_STRIP = NO;
				DEBUG_INFORMATION_FORMAT = "dwarf-with-dsym";
				ENABLE_NS_ASSERTIONS = NO;
				ENABLE_STRICT_OBJC_MSGSEND = YES;
				GCC_C_LANGUAGE_STANDARD = gnu11;
				GCC_NO_COMMON_BLOCKS = YES;
				GCC_WARN_64_TO_32_BIT_CONVERSION = YES;
				GCC_WARN_ABOUT_RETURN_TYPE = YES_ERROR;
				GCC_WARN_UNDECLARED_SELECTOR = YES;
				GCC_WARN_UNINITIALIZED_AUTOS = YES_AGGRESSIVE;
				GCC_WARN_UNUSED_FUNCTION = YES;
				GCC_WARN_UNUSED_VARIABLE = YES;
				IPHONEOS_DEPLOYMENT_TARGET = 15.2;
				MTL_ENABLE_DEBUG_INFO = NO;
				MTL_FAST_MATH = YES;
				SDKROOT = iphoneos;
				SWIFT_COMPILATION_MODE = wholemodule;
				SWIFT_OPTIMIZATION_LEVEL = "-O";
				VALIDATE_PRODUCT = YES;
			};
			name = Release;
		};
		9B0F7142292130AA004DA976 /* Debug */ = {
			isa = XCBuildConfiguration;
			buildSettings = {
				ASSETCATALOG_COMPILER_APPICON_NAME = AppIcon;
				ASSETCATALOG_COMPILER_GLOBAL_ACCENT_COLOR_NAME = AccentColor;
				CODE_SIGN_STYLE = Automatic;
				CURRENT_PROJECT_VERSION = 1;
				DEVELOPMENT_TEAM = 5XJD2AR6K6;
				GENERATE_INFOPLIST_FILE = YES;
				INFOPLIST_FILE = Ex_3_21_grasp/Info.plist;
				INFOPLIST_KEY_UIApplicationSupportsIndirectInputEvents = YES;
				INFOPLIST_KEY_UILaunchStoryboardName = LaunchScreen;
				INFOPLIST_KEY_UISupportedInterfaceOrientations_iPad = "UIInterfaceOrientationPortrait UIInterfaceOrientationPortraitUpsideDown UIInterfaceOrientationLandscapeLeft UIInterfaceOrientationLandscapeRight";
				INFOPLIST_KEY_UISupportedInterfaceOrientations_iPhone = "UIInterfaceOrientationPortrait UIInterfaceOrientationLandscapeLeft UIInterfaceOrientationLandscapeRight";
				LD_RUNPATH_SEARCH_PATHS = (
					"$(inherited)",
					"@executable_path/Frameworks",
				);
				MARKETING_VERSION = 1.0;
				PRODUCT_BUNDLE_IDENTIFIER = "com.zu.Ex-3-19-CollectionView";
				PRODUCT_NAME = "$(TARGET_NAME)";
				SWIFT_EMIT_LOC_STRINGS = YES;
				SWIFT_VERSION = 5.0;
				TARGETED_DEVICE_FAMILY = 1;
			};
			name = Debug;
		};
		9B0F7143292130AA004DA976 /* Release */ = {
			isa = XCBuildConfiguration;
			buildSettings = {
				ASSETCATALOG_COMPILER_APPICON_NAME = AppIcon;
				ASSETCATALOG_COMPILER_GLOBAL_ACCENT_COLOR_NAME = AccentColor;
				CODE_SIGN_STYLE = Automatic;
				CURRENT_PROJECT_VERSION = 1;
				DEVELOPMENT_TEAM = 5XJD2AR6K6;
				GENERATE_INFOPLIST_FILE = YES;
				INFOPLIST_FILE = Ex_3_21_grasp/Info.plist;
				INFOPLIST_KEY_UIApplicationSupportsIndirectInputEvents = YES;
				INFOPLIST_KEY_UILaunchStoryboardName = LaunchScreen;
				INFOPLIST_KEY_UISupportedInterfaceOrientations_iPad = "UIInterfaceOrientationPortrait UIInterfaceOrientationPortraitUpsideDown UIInterfaceOrientationLandscapeLeft UIInterfaceOrientationLandscapeRight";
				INFOPLIST_KEY_UISupportedInterfaceOrientations_iPhone = "UIInterfaceOrientationPortrait UIInterfaceOrientationLandscapeLeft UIInterfaceOrientationLandscapeRight";
				LD_RUNPATH_SEARCH_PATHS = (
					"$(inherited)",
					"@executable_path/Frameworks",
				);
				MARKETING_VERSION = 1.0;
				PRODUCT_BUNDLE_IDENTIFIER = "com.zu.Ex-3-19-CollectionView";
				PRODUCT_NAME = "$(TARGET_NAME)";
				SWIFT_EMIT_LOC_STRINGS = YES;
				SWIFT_VERSION = 5.0;
				TARGETED_DEVICE_FAMILY = 1;
			};
			name = Release;
		};
/* End XCBuildConfiguration section */

/* Begin XCConfigurationList section */
		9B0F7128292130A8004DA976 /* Build configuration list for PBXProject "Ex_3_21_grasp" */ = {
			isa = XCConfigurationList;
			buildConfigurations = (
				9B0F713F292130AA004DA976 /* Debug */,
				9B0F7140292130AA004DA976 /* Release */,
			);
			defaultConfigurationIsVisible = 0;
			defaultConfigurationName = Release;
		};
		9B0F7141292130AA004DA976 /* Build configuration list for PBXNativeTarget "Ex_3_21_grasp" */ = {
			isa = XCConfigurationList;
			buildConfigurations = (
				9B0F7142292130AA004DA976 /* Debug */,
				9B0F7143292130AA004DA976 /* Release */,
			);
			defaultConfigurationIsVisible = 0;
			defaultConfigurationName = Release;
		};
/* End XCConfigurationList section */
	};
	rootObject = 9B0F7125292130A8004DA976 /* Project object */;
}
